
Microsoft Visual Studio Solution File, Format Version 12.00
# Visual Studio Version 17
VisualStudioVersion = 17.0.32014.148
MinimumVisualStudioVersion = 10.0.40219.1
Project("{9A19103F-16F7-4668-BE54-9A1E7A4F7556}") = "Astroshop.WEB-API", "WEB-API\Astroshop.WEB-API.csproj", "{8FCB20B3-1395-408C-9CF0-EAA2AE33E23E}"
EndProject
Project("{2150E333-8FDC-42A3-9474-1A3956D46DE8}") = "Tests", "Tests", "{C0C8B25D-1D9A-483C-A8DB-A188C863D868}"
EndProject
Project("{FAE04EC0-301F-11D3-BF4B-00C04F79EFBC}") = "Astroshop.Core", "Core\Astroshop.Core.csproj", "{34678D3A-6C5D-4493-98C0-BE14E59F8007}"
EndProject
Project("{FAE04EC0-301F-11D3-BF4B-00C04F79EFBC}") = "Astroshop.Data.PostgreeSQL", "Data\Astroshop.Data.PostgreeSQL.csproj", "{50A1C31B-CDB7-4A16-9DC7-CB3EF0C66930}"
EndProject
Global
	GlobalSection(SolutionConfigurationPlatforms) = preSolution
		Debug|Any CPU = Debug|Any CPU
		Release|Any CPU = Release|Any CPU
	EndGlobalSection
	GlobalSection(ProjectConfigurationPlatforms) = postSolution
		{8FCB20B3-1395-408C-9CF0-EAA2AE33E23E}.Debug|Any CPU.ActiveCfg = Debug|Any CPU
		{8FCB20B3-1395-408C-9CF0-EAA2AE33E23E}.Debug|Any CPU.Build.0 = Debug|Any CPU
		{8FCB20B3-1395-408C-9CF0-EAA2AE33E23E}.Release|Any CPU.ActiveCfg = Release|Any CPU
		{8FCB20B3-1395-408C-9CF0-EAA2AE33E23E}.Release|Any CPU.Build.0 = Release|Any CPU
		{34678D3A-6C5D-4493-98C0-BE14E59F8007}.Debug|Any CPU.ActiveCfg = Debug|Any CPU
		{34678D3A-6C5D-4493-98C0-BE14E59F8007}.Debug|Any CPU.Build.0 = Debug|Any CPU
		{34678D3A-6C5D-4493-98C0-BE14E59F8007}.Release|Any CPU.ActiveCfg = Release|Any CPU
		{34678D3A-6C5D-4493-98C0-BE14E59F8007}.Release|Any CPU.Build.0 = Release|Any CPU
		{50A1C31B-CDB7-4A16-9DC7-CB3EF0C66930}.Debug|Any CPU.ActiveCfg = Debug|Any CPU
		{50A1C31B-CDB7-4A16-9DC7-CB3EF0C66930}.Debug|Any CPU.Build.0 = Debug|Any CPU
		{50A1C31B-CDB7-4A16-9DC7-CB3EF0C66930}.Release|Any CPU.ActiveCfg = Release|Any CPU
		{50A1C31B-CDB7-4A16-9DC7-CB3EF0C66930}.Release|Any CPU.Build.0 = Release|Any CPU
	EndGlobalSection
	GlobalSection(SolutionProperties) = preSolution
		HideSolutionNode = FALSE
	EndGlobalSection
	GlobalSection(ExtensibilityGlobals) = postSolution
		SolutionGuid = {16189D5D-6780-4BF1-BFF9-D0E31A9CCA9F}
	EndGlobalSection
EndGlobal
