
Microsoft Visual Studio Solution File, Format Version 12.00
# Visual Studio Version 17
VisualStudioVersion = 17.4.33110.190
MinimumVisualStudioVersion = 10.0.40219.1
Project("{FAE04EC0-301F-11D3-BF4B-00C04F79EFBC}") = "Astroshop.Backend.NET.7.0", "Astroshop.Backend.NET.7.0.csproj", "{C21EBD69-5C63-477C-8C07-00EAB4F8F4FA}"
EndProject
Global
	GlobalSection(SolutionConfigurationPlatforms) = preSolution
		Debug|Any CPU = Debug|Any CPU
		Release|Any CPU = Release|Any CPU
	EndGlobalSection
	GlobalSection(ProjectConfigurationPlatforms) = postSolution
		{C21EBD69-5C63-477C-8C07-00EAB4F8F4FA}.Debug|Any CPU.ActiveCfg = Debug|Any CPU
		{C21EBD69-5C63-477C-8C07-00EAB4F8F4FA}.Debug|Any CPU.Build.0 = Debug|Any CPU
		{C21EBD69-5C63-477C-8C07-00EAB4F8F4FA}.Release|Any CPU.ActiveCfg = Release|Any CPU
		{C21EBD69-5C63-477C-8C07-00EAB4F8F4FA}.Release|Any CPU.Build.0 = Release|Any CPU
	EndGlobalSection
	GlobalSection(SolutionProperties) = preSolution
		HideSolutionNode = FALSE
	EndGlobalSection
	GlobalSection(ExtensibilityGlobals) = postSolution
		SolutionGuid = {F9CBF269-070A-410A-9148-009F0396B648}
	EndGlobalSection
EndGlobal
